
Microsoft Visual Studio Solution File, Format Version 12.00
# Visual Studio Version 17
VisualStudioVersion = 17.12.35527.113
MinimumVisualStudioVersion = 10.0.40219.1
Project("{FAE04EC0-301F-11D3-BF4B-00C04F79EFBC}") = "LiftNet.Contract", "LiftNet.Contract\LiftNet.Contract.csproj", "{BAD0EAD1-5A7E-4BA6-AE0E-0A940725EC22}"
EndProject
Project("{FAE04EC0-301F-11D3-BF4B-00C04F79EFBC}") = "LiftNet.Domain", "LiftNet.Domain\LiftNet.Domain.csproj", "{ADD023A9-6A30-49BC-9494-748348DF95BE}"
EndProject
Project("{FAE04EC0-301F-11D3-BF4B-00C04F79EFBC}") = "LiftNet.Service", "LiftNet.Service\LiftNet.Service.csproj", "{556D0E11-DA3C-4EAF-9552-E069C90401FF}"
EndProject
Project("{FAE04EC0-301F-11D3-BF4B-00C04F79EFBC}") = "LiftNet.Persistence", "LiftNet.Persistence\LiftNet.Persistence.csproj", "{E900A76D-228F-4762-A5EF-7B98E9A1F88A}"
EndProject
Project("{2150E333-8FDC-42A3-9474-1A3956D46DE8}") = "Api", "Api", "{F1874BBF-4C3E-4C56-90C0-EF6C5C1EC36D}"
EndProject
Project("{2150E333-8FDC-42A3-9474-1A3956D46DE8}") = "Common", "Common", "{93289553-81C9-4402-8865-3D6191656260}"
EndProject
Project("{FAE04EC0-301F-11D3-BF4B-00C04F79EFBC}") = "LiftNet.Api", "LiftNet.Api\LiftNet.Api.csproj", "{A1546264-2695-440D-92EE-A98470204396}"
EndProject
Project("{FAE04EC0-301F-11D3-BF4B-00C04F79EFBC}") = "LiftNet.Utility", "LiftNet.Utility\LiftNet.Utility.csproj", "{AE4BE31C-9714-4D7E-BD35-AA781AF20B70}"
EndProject
Project("{2150E333-8FDC-42A3-9474-1A3956D46DE8}") = "Infrastructure", "Infrastructure", "{D0770C6B-F9E5-43C2-A364-5B37D2C347E1}"
EndProject
Project("{2150E333-8FDC-42A3-9474-1A3956D46DE8}") = "Job", "Job", "{E3216631-4397-4661-8ECB-FB97215D1E84}"
EndProject
Project("{FAE04EC0-301F-11D3-BF4B-00C04F79EFBC}") = "LiftNet.Repositories", "LiftNet.Repositories\LiftNet.Repositories.csproj", "{8EECB153-38A5-4AE9-B22D-632479E58273}"
EndProject
Project("{2150E333-8FDC-42A3-9474-1A3956D46DE8}") = "Application", "Application", "{2CAE0459-C29B-46AC-B789-F8C94D4DA15D}"
EndProject
Project("{FAE04EC0-301F-11D3-BF4B-00C04F79EFBC}") = "LiftNet.SharedKenel", "LiftNet.SharedKenel\LiftNet.SharedKenel.csproj", "{ECAE0B54-7A17-4DF8-AC53-62C8B41D81CF}"
EndProject
Project("{2150E333-8FDC-42A3-9474-1A3956D46DE8}") = "Domain", "Domain", "{54129E85-CF27-4CA3-A940-14FB5F245269}"
EndProject
Project("{FAE04EC0-301F-11D3-BF4B-00C04F79EFBC}") = "LiftNet.AzureBlob", "LiftNet.AzureBlob\LiftNet.AzureBlob.csproj", "{70C0B10D-D03E-4C1A-8220-392FA31C6D2B}"
EndProject
Project("{FAE04EC0-301F-11D3-BF4B-00C04F79EFBC}") = "LiftNet.Logger", "LiftNet.Logger\LiftNet.Logger.csproj", "{E95242C0-B698-47E1-B5A0-ACCF25504392}"
EndProject
Project("{2150E333-8FDC-42A3-9474-1A3956D46DE8}") = "Worker", "Worker", "{BA0CB11E-5A42-494D-A12B-6C31FDCC849D}"
EndProject
Project("{FAE04EC0-301F-11D3-BF4B-00C04F79EFBC}") = "LiftNet.Timer", "LiftNet.Timer\LiftNet.Timer.csproj", "{DF98EA3E-E17D-4F81-BEE4-F9154CB03F38}"
EndProject
Project("{FAE04EC0-301F-11D3-BF4B-00C04F79EFBC}") = "LiftNet.WorkerService", "LiftNet.WorkerService\LiftNet.WorkerService.csproj", "{F386A170-8D50-4037-8EEC-B7FE2A6AED60}"
EndProject
Project("{FAE04EC0-301F-11D3-BF4B-00C04F79EFBC}") = "LiftNet.Handler", "LiftNet.Handler\LiftNet.Handler.csproj", "{854C8EFA-99BA-48BA-A038-5AB9426DBA0D}"
EndProject
Project("{FAE04EC0-301F-11D3-BF4B-00C04F79EFBC}") = "LiftNet.Ioc", "LiftNet.Ioc\LiftNet.Ioc.csproj", "{B6B5999C-3566-47E6-8AB5-F8B31F0E9CBF}"
EndProject
Project("{FAE04EC0-301F-11D3-BF4B-00C04F79EFBC}") = "LiftNet.CosmosDb", "LiftNet.CosmosDb\LiftNet.CosmosDb.csproj", "{EC80F328-FE08-41D3-9182-8765BC359C2A}"
EndProject
Project("{FAE04EC0-301F-11D3-BF4B-00C04F79EFBC}") = "LiftNet.ProvinceSDK", "LiftNet.ProvinceSDK\LiftNet.ProvinceSDK.csproj", "{2506B451-7DB6-48E9-B127-2D068D614237}"
EndProject
Project("{FAE04EC0-301F-11D3-BF4B-00C04F79EFBC}") = "LiftNet.Job", "LiftNet.Job\LiftNet.Job.csproj", "{F6FC75A5-D757-41C2-BE58-3CD29F84220C}"
EndProject
Project("{FAE04EC0-301F-11D3-BF4B-00C04F79EFBC}") = "LiftNet.JobService", "LiftNet.JobService\LiftNet.JobService.csproj", "{73EF9DE4-8F92-42C7-8AC8-6778A0481854}"
EndProject
Project("{FAE04EC0-301F-11D3-BF4B-00C04F79EFBC}") = "LiftNet.MapSDK", "LiftNet.MapSDK\LiftNet.MapSDK.csproj", "{44EF6B42-06C2-42E2-9B64-CB333B2CA103}"
EndProject
Project("{FAE04EC0-301F-11D3-BF4B-00C04F79EFBC}") = "LiftNet.MapSDKTests", "LiftNet.MapSDKTests\LiftNet.MapSDKTests.csproj", "{B94FE4A4-36AA-406A-B706-6F378809ACF7}"
EndProject
Project("{2150E333-8FDC-42A3-9474-1A3956D46DE8}") = "ZTest", "ZTest", "{2C73E9E1-993A-46AF-948E-8E7CD12641E6}"
EndProject
Project("{FAE04EC0-301F-11D3-BF4B-00C04F79EFBC}") = "LiftNet.ServiceBus", "LiftNet.ServiceBus\LiftNet.ServiceBus.csproj", "{6DA0818B-E1C8-4AB8-BCEE-698D20D4514A}"
EndProject
Project("{FAE04EC0-301F-11D3-BF4B-00C04F79EFBC}") = "LiftNet.Cloudinary", "LiftNet.Cloudinary\LiftNet.Cloudinary.csproj", "{CBD8CADD-ED3C-4A4D-812B-37F30A1B123E}"
EndProject
Project("{2150E333-8FDC-42A3-9474-1A3956D46DE8}") = "Event", "Event", "{BF4819C9-5AFF-44D9-ADCC-CF6D21838A47}"
EndProject
Project("{FAE04EC0-301F-11D3-BF4B-00C04F79EFBC}") = "LiftNet.MailService", "LiftNet.MailService\LiftNet.MailService.csproj", "{3292DCFB-CC86-4FC7-880D-C1FD1790A16C}"
EndProject
Project("{FAE04EC0-301F-11D3-BF4B-00C04F79EFBC}") = "LiftNet.AzureBlobTests", "LiftNet.AzureBlobTests\LiftNet.AzureBlobTests.csproj", "{A1E24606-1530-408D-A8EC-C601B53ED42B}"
EndProject
Project("{FAE04EC0-301F-11D3-BF4B-00C04F79EFBC}") = "LiftNet.CloudinaryTests", "LiftNet.CloudinaryTests\LiftNet.CloudinaryTests.csproj", "{6D3216E8-56F8-459C-B03A-1E470BBE41BC}"
EndProject
Project("{FAE04EC0-301F-11D3-BF4B-00C04F79EFBC}") = "LiftNet.CosmosDbTests", "LiftNet.CosmosDbTests\LiftNet.CosmosDbTests.csproj", "{8CB9E738-3E8D-43EF-827C-A1763D99E6AE}"
EndProject
Project("{2150E333-8FDC-42A3-9474-1A3956D46DE8}") = "Data", "Data", "{618ABA26-3FFF-4829-8F48-5F2A91FC9496}"
EndProject
Project("{FAE04EC0-301F-11D3-BF4B-00C04F79EFBC}") = "LiftNet.RedisCache", "LiftNet.RedisCache\LiftNet.RedisCache.csproj", "{4439FCF0-236D-48B3-B65E-4740D9A8C69C}"
EndProject
Project("{FAE04EC0-301F-11D3-BF4B-00C04F79EFBC}") = "LiftNet.Hub", "LiftNet.Hub\LiftNet.Hub.csproj", "{F22C34F4-7821-43B6-A78B-2C1FDE4D5E18}"
EndProject
Project("{FAE04EC0-301F-11D3-BF4B-00C04F79EFBC}") = "LiftNet.RepositoriesTests", "LiftNet.RepositoriesTests\LiftNet.RepositoriesTests.csproj", "{DA23A373-4ED5-4285-8489-4A8066F60487}"
EndProject
Project("{2150E333-8FDC-42A3-9474-1A3956D46DE8}") = "Repos", "Repos", "{E283D0D0-14C0-4DEF-9874-37F72D6F914E}"
EndProject
Global
	GlobalSection(SolutionConfigurationPlatforms) = preSolution
		Debug|Any CPU = Debug|Any CPU
		Release|Any CPU = Release|Any CPU
	EndGlobalSection
	GlobalSection(ProjectConfigurationPlatforms) = postSolution
		{BAD0EAD1-5A7E-4BA6-AE0E-0A940725EC22}.Debug|Any CPU.ActiveCfg = Debug|Any CPU
		{BAD0EAD1-5A7E-4BA6-AE0E-0A940725EC22}.Debug|Any CPU.Build.0 = Debug|Any CPU
		{BAD0EAD1-5A7E-4BA6-AE0E-0A940725EC22}.Release|Any CPU.ActiveCfg = Release|Any CPU
		{BAD0EAD1-5A7E-4BA6-AE0E-0A940725EC22}.Release|Any CPU.Build.0 = Release|Any CPU
		{ADD023A9-6A30-49BC-9494-748348DF95BE}.Debug|Any CPU.ActiveCfg = Debug|Any CPU
		{ADD023A9-6A30-49BC-9494-748348DF95BE}.Debug|Any CPU.Build.0 = Debug|Any CPU
		{ADD023A9-6A30-49BC-9494-748348DF95BE}.Release|Any CPU.ActiveCfg = Release|Any CPU
		{ADD023A9-6A30-49BC-9494-748348DF95BE}.Release|Any CPU.Build.0 = Release|Any CPU
		{556D0E11-DA3C-4EAF-9552-E069C90401FF}.Debug|Any CPU.ActiveCfg = Debug|Any CPU
		{556D0E11-DA3C-4EAF-9552-E069C90401FF}.Debug|Any CPU.Build.0 = Debug|Any CPU
		{556D0E11-DA3C-4EAF-9552-E069C90401FF}.Release|Any CPU.ActiveCfg = Release|Any CPU
		{556D0E11-DA3C-4EAF-9552-E069C90401FF}.Release|Any CPU.Build.0 = Release|Any CPU
		{E900A76D-228F-4762-A5EF-7B98E9A1F88A}.Debug|Any CPU.ActiveCfg = Debug|Any CPU
		{E900A76D-228F-4762-A5EF-7B98E9A1F88A}.Debug|Any CPU.Build.0 = Debug|Any CPU
		{E900A76D-228F-4762-A5EF-7B98E9A1F88A}.Release|Any CPU.ActiveCfg = Release|Any CPU
		{E900A76D-228F-4762-A5EF-7B98E9A1F88A}.Release|Any CPU.Build.0 = Release|Any CPU
		{A1546264-2695-440D-92EE-A98470204396}.Debug|Any CPU.ActiveCfg = Debug|Any CPU
		{A1546264-2695-440D-92EE-A98470204396}.Debug|Any CPU.Build.0 = Debug|Any CPU
		{A1546264-2695-440D-92EE-A98470204396}.Release|Any CPU.ActiveCfg = Release|Any CPU
		{A1546264-2695-440D-92EE-A98470204396}.Release|Any CPU.Build.0 = Release|Any CPU
		{AE4BE31C-9714-4D7E-BD35-AA781AF20B70}.Debug|Any CPU.ActiveCfg = Debug|Any CPU
		{AE4BE31C-9714-4D7E-BD35-AA781AF20B70}.Debug|Any CPU.Build.0 = Debug|Any CPU
		{AE4BE31C-9714-4D7E-BD35-AA781AF20B70}.Release|Any CPU.ActiveCfg = Release|Any CPU
		{AE4BE31C-9714-4D7E-BD35-AA781AF20B70}.Release|Any CPU.Build.0 = Release|Any CPU
		{8EECB153-38A5-4AE9-B22D-632479E58273}.Debug|Any CPU.ActiveCfg = Debug|Any CPU
		{8EECB153-38A5-4AE9-B22D-632479E58273}.Debug|Any CPU.Build.0 = Debug|Any CPU
		{8EECB153-38A5-4AE9-B22D-632479E58273}.Release|Any CPU.ActiveCfg = Release|Any CPU
		{8EECB153-38A5-4AE9-B22D-632479E58273}.Release|Any CPU.Build.0 = Release|Any CPU
		{ECAE0B54-7A17-4DF8-AC53-62C8B41D81CF}.Debug|Any CPU.ActiveCfg = Debug|Any CPU
		{ECAE0B54-7A17-4DF8-AC53-62C8B41D81CF}.Debug|Any CPU.Build.0 = Debug|Any CPU
		{ECAE0B54-7A17-4DF8-AC53-62C8B41D81CF}.Release|Any CPU.ActiveCfg = Release|Any CPU
		{ECAE0B54-7A17-4DF8-AC53-62C8B41D81CF}.Release|Any CPU.Build.0 = Release|Any CPU
		{70C0B10D-D03E-4C1A-8220-392FA31C6D2B}.Debug|Any CPU.ActiveCfg = Debug|Any CPU
		{70C0B10D-D03E-4C1A-8220-392FA31C6D2B}.Debug|Any CPU.Build.0 = Debug|Any CPU
		{70C0B10D-D03E-4C1A-8220-392FA31C6D2B}.Release|Any CPU.ActiveCfg = Release|Any CPU
		{70C0B10D-D03E-4C1A-8220-392FA31C6D2B}.Release|Any CPU.Build.0 = Release|Any CPU
		{E95242C0-B698-47E1-B5A0-ACCF25504392}.Debug|Any CPU.ActiveCfg = Debug|Any CPU
		{E95242C0-B698-47E1-B5A0-ACCF25504392}.Debug|Any CPU.Build.0 = Debug|Any CPU
		{E95242C0-B698-47E1-B5A0-ACCF25504392}.Release|Any CPU.ActiveCfg = Release|Any CPU
		{E95242C0-B698-47E1-B5A0-ACCF25504392}.Release|Any CPU.Build.0 = Release|Any CPU
		{DF98EA3E-E17D-4F81-BEE4-F9154CB03F38}.Debug|Any CPU.ActiveCfg = Debug|Any CPU
		{DF98EA3E-E17D-4F81-BEE4-F9154CB03F38}.Debug|Any CPU.Build.0 = Debug|Any CPU
		{DF98EA3E-E17D-4F81-BEE4-F9154CB03F38}.Release|Any CPU.ActiveCfg = Release|Any CPU
		{DF98EA3E-E17D-4F81-BEE4-F9154CB03F38}.Release|Any CPU.Build.0 = Release|Any CPU
		{F386A170-8D50-4037-8EEC-B7FE2A6AED60}.Debug|Any CPU.ActiveCfg = Debug|Any CPU
		{F386A170-8D50-4037-8EEC-B7FE2A6AED60}.Debug|Any CPU.Build.0 = Debug|Any CPU
		{F386A170-8D50-4037-8EEC-B7FE2A6AED60}.Release|Any CPU.ActiveCfg = Release|Any CPU
		{F386A170-8D50-4037-8EEC-B7FE2A6AED60}.Release|Any CPU.Build.0 = Release|Any CPU
		{854C8EFA-99BA-48BA-A038-5AB9426DBA0D}.Debug|Any CPU.ActiveCfg = Debug|Any CPU
		{854C8EFA-99BA-48BA-A038-5AB9426DBA0D}.Debug|Any CPU.Build.0 = Debug|Any CPU
		{854C8EFA-99BA-48BA-A038-5AB9426DBA0D}.Release|Any CPU.ActiveCfg = Release|Any CPU
		{854C8EFA-99BA-48BA-A038-5AB9426DBA0D}.Release|Any CPU.Build.0 = Release|Any CPU
		{B6B5999C-3566-47E6-8AB5-F8B31F0E9CBF}.Debug|Any CPU.ActiveCfg = Debug|Any CPU
		{B6B5999C-3566-47E6-8AB5-F8B31F0E9CBF}.Debug|Any CPU.Build.0 = Debug|Any CPU
		{B6B5999C-3566-47E6-8AB5-F8B31F0E9CBF}.Release|Any CPU.ActiveCfg = Release|Any CPU
		{B6B5999C-3566-47E6-8AB5-F8B31F0E9CBF}.Release|Any CPU.Build.0 = Release|Any CPU
		{EC80F328-FE08-41D3-9182-8765BC359C2A}.Debug|Any CPU.ActiveCfg = Debug|Any CPU
		{EC80F328-FE08-41D3-9182-8765BC359C2A}.Debug|Any CPU.Build.0 = Debug|Any CPU
		{EC80F328-FE08-41D3-9182-8765BC359C2A}.Release|Any CPU.ActiveCfg = Release|Any CPU
		{EC80F328-FE08-41D3-9182-8765BC359C2A}.Release|Any CPU.Build.0 = Release|Any CPU
		{2506B451-7DB6-48E9-B127-2D068D614237}.Debug|Any CPU.ActiveCfg = Debug|Any CPU
		{2506B451-7DB6-48E9-B127-2D068D614237}.Debug|Any CPU.Build.0 = Debug|Any CPU
		{2506B451-7DB6-48E9-B127-2D068D614237}.Release|Any CPU.ActiveCfg = Release|Any CPU
		{2506B451-7DB6-48E9-B127-2D068D614237}.Release|Any CPU.Build.0 = Release|Any CPU
		{F6FC75A5-D757-41C2-BE58-3CD29F84220C}.Debug|Any CPU.ActiveCfg = Debug|Any CPU
		{F6FC75A5-D757-41C2-BE58-3CD29F84220C}.Debug|Any CPU.Build.0 = Debug|Any CPU
		{F6FC75A5-D757-41C2-BE58-3CD29F84220C}.Release|Any CPU.ActiveCfg = Release|Any CPU
		{F6FC75A5-D757-41C2-BE58-3CD29F84220C}.Release|Any CPU.Build.0 = Release|Any CPU
		{73EF9DE4-8F92-42C7-8AC8-6778A0481854}.Debug|Any CPU.ActiveCfg = Debug|Any CPU
		{73EF9DE4-8F92-42C7-8AC8-6778A0481854}.Debug|Any CPU.Build.0 = Debug|Any CPU
		{73EF9DE4-8F92-42C7-8AC8-6778A0481854}.Release|Any CPU.ActiveCfg = Release|Any CPU
		{73EF9DE4-8F92-42C7-8AC8-6778A0481854}.Release|Any CPU.Build.0 = Release|Any CPU
		{44EF6B42-06C2-42E2-9B64-CB333B2CA103}.Debug|Any CPU.ActiveCfg = Debug|Any CPU
		{44EF6B42-06C2-42E2-9B64-CB333B2CA103}.Debug|Any CPU.Build.0 = Debug|Any CPU
		{44EF6B42-06C2-42E2-9B64-CB333B2CA103}.Release|Any CPU.ActiveCfg = Release|Any CPU
		{44EF6B42-06C2-42E2-9B64-CB333B2CA103}.Release|Any CPU.Build.0 = Release|Any CPU
		{B94FE4A4-36AA-406A-B706-6F378809ACF7}.Debug|Any CPU.ActiveCfg = Debug|Any CPU
		{B94FE4A4-36AA-406A-B706-6F378809ACF7}.Debug|Any CPU.Build.0 = Debug|Any CPU
		{B94FE4A4-36AA-406A-B706-6F378809ACF7}.Release|Any CPU.ActiveCfg = Release|Any CPU
		{B94FE4A4-36AA-406A-B706-6F378809ACF7}.Release|Any CPU.Build.0 = Release|Any CPU
		{6DA0818B-E1C8-4AB8-BCEE-698D20D4514A}.Debug|Any CPU.ActiveCfg = Debug|Any CPU
		{6DA0818B-E1C8-4AB8-BCEE-698D20D4514A}.Debug|Any CPU.Build.0 = Debug|Any CPU
		{6DA0818B-E1C8-4AB8-BCEE-698D20D4514A}.Release|Any CPU.ActiveCfg = Release|Any CPU
		{6DA0818B-E1C8-4AB8-BCEE-698D20D4514A}.Release|Any CPU.Build.0 = Release|Any CPU
		{CBD8CADD-ED3C-4A4D-812B-37F30A1B123E}.Debug|Any CPU.ActiveCfg = Debug|Any CPU
		{CBD8CADD-ED3C-4A4D-812B-37F30A1B123E}.Debug|Any CPU.Build.0 = Debug|Any CPU
		{CBD8CADD-ED3C-4A4D-812B-37F30A1B123E}.Release|Any CPU.ActiveCfg = Release|Any CPU
		{CBD8CADD-ED3C-4A4D-812B-37F30A1B123E}.Release|Any CPU.Build.0 = Release|Any CPU
		{3292DCFB-CC86-4FC7-880D-C1FD1790A16C}.Debug|Any CPU.ActiveCfg = Debug|Any CPU
		{3292DCFB-CC86-4FC7-880D-C1FD1790A16C}.Debug|Any CPU.Build.0 = Debug|Any CPU
		{3292DCFB-CC86-4FC7-880D-C1FD1790A16C}.Release|Any CPU.ActiveCfg = Release|Any CPU
		{3292DCFB-CC86-4FC7-880D-C1FD1790A16C}.Release|Any CPU.Build.0 = Release|Any CPU
		{A1E24606-1530-408D-A8EC-C601B53ED42B}.Debug|Any CPU.ActiveCfg = Debug|Any CPU
		{A1E24606-1530-408D-A8EC-C601B53ED42B}.Debug|Any CPU.Build.0 = Debug|Any CPU
		{A1E24606-1530-408D-A8EC-C601B53ED42B}.Release|Any CPU.ActiveCfg = Release|Any CPU
		{A1E24606-1530-408D-A8EC-C601B53ED42B}.Release|Any CPU.Build.0 = Release|Any CPU
		{6D3216E8-56F8-459C-B03A-1E470BBE41BC}.Debug|Any CPU.ActiveCfg = Debug|Any CPU
		{6D3216E8-56F8-459C-B03A-1E470BBE41BC}.Debug|Any CPU.Build.0 = Debug|Any CPU
		{6D3216E8-56F8-459C-B03A-1E470BBE41BC}.Release|Any CPU.ActiveCfg = Release|Any CPU
		{6D3216E8-56F8-459C-B03A-1E470BBE41BC}.Release|Any CPU.Build.0 = Release|Any CPU
		{8CB9E738-3E8D-43EF-827C-A1763D99E6AE}.Debug|Any CPU.ActiveCfg = Debug|Any CPU
		{8CB9E738-3E8D-43EF-827C-A1763D99E6AE}.Debug|Any CPU.Build.0 = Debug|Any CPU
		{8CB9E738-3E8D-43EF-827C-A1763D99E6AE}.Release|Any CPU.ActiveCfg = Release|Any CPU
		{8CB9E738-3E8D-43EF-827C-A1763D99E6AE}.Release|Any CPU.Build.0 = Release|Any CPU
		{4439FCF0-236D-48B3-B65E-4740D9A8C69C}.Debug|Any CPU.ActiveCfg = Debug|Any CPU
		{4439FCF0-236D-48B3-B65E-4740D9A8C69C}.Debug|Any CPU.Build.0 = Debug|Any CPU
		{4439FCF0-236D-48B3-B65E-4740D9A8C69C}.Release|Any CPU.ActiveCfg = Release|Any CPU
		{4439FCF0-236D-48B3-B65E-4740D9A8C69C}.Release|Any CPU.Build.0 = Release|Any CPU
		{F22C34F4-7821-43B6-A78B-2C1FDE4D5E18}.Debug|Any CPU.ActiveCfg = Debug|Any CPU
		{F22C34F4-7821-43B6-A78B-2C1FDE4D5E18}.Debug|Any CPU.Build.0 = Debug|Any CPU
		{F22C34F4-7821-43B6-A78B-2C1FDE4D5E18}.Release|Any CPU.ActiveCfg = Release|Any CPU
		{F22C34F4-7821-43B6-A78B-2C1FDE4D5E18}.Release|Any CPU.Build.0 = Release|Any CPU
		{DA23A373-4ED5-4285-8489-4A8066F60487}.Debug|Any CPU.ActiveCfg = Debug|Any CPU
		{DA23A373-4ED5-4285-8489-4A8066F60487}.Debug|Any CPU.Build.0 = Debug|Any CPU
		{DA23A373-4ED5-4285-8489-4A8066F60487}.Release|Any CPU.ActiveCfg = Release|Any CPU
		{DA23A373-4ED5-4285-8489-4A8066F60487}.Release|Any CPU.Build.0 = Release|Any CPU
	EndGlobalSection
	GlobalSection(SolutionProperties) = preSolution
		HideSolutionNode = FALSE
	EndGlobalSection
	GlobalSection(NestedProjects) = preSolution
		{BAD0EAD1-5A7E-4BA6-AE0E-0A940725EC22} = {93289553-81C9-4402-8865-3D6191656260}
		{ADD023A9-6A30-49BC-9494-748348DF95BE} = {54129E85-CF27-4CA3-A940-14FB5F245269}
		{556D0E11-DA3C-4EAF-9552-E069C90401FF} = {2CAE0459-C29B-46AC-B789-F8C94D4DA15D}
		{E900A76D-228F-4762-A5EF-7B98E9A1F88A} = {54129E85-CF27-4CA3-A940-14FB5F245269}
		{93289553-81C9-4402-8865-3D6191656260} = {2CAE0459-C29B-46AC-B789-F8C94D4DA15D}
		{A1546264-2695-440D-92EE-A98470204396} = {F1874BBF-4C3E-4C56-90C0-EF6C5C1EC36D}
		{AE4BE31C-9714-4D7E-BD35-AA781AF20B70} = {93289553-81C9-4402-8865-3D6191656260}
		{E3216631-4397-4661-8ECB-FB97215D1E84} = {D0770C6B-F9E5-43C2-A364-5B37D2C347E1}
		{8EECB153-38A5-4AE9-B22D-632479E58273} = {618ABA26-3FFF-4829-8F48-5F2A91FC9496}
		{ECAE0B54-7A17-4DF8-AC53-62C8B41D81CF} = {2CAE0459-C29B-46AC-B789-F8C94D4DA15D}
		{54129E85-CF27-4CA3-A940-14FB5F245269} = {2CAE0459-C29B-46AC-B789-F8C94D4DA15D}
		{70C0B10D-D03E-4C1A-8220-392FA31C6D2B} = {618ABA26-3FFF-4829-8F48-5F2A91FC9496}
		{E95242C0-B698-47E1-B5A0-ACCF25504392} = {54129E85-CF27-4CA3-A940-14FB5F245269}
		{DF98EA3E-E17D-4F81-BEE4-F9154CB03F38} = {BA0CB11E-5A42-494D-A12B-6C31FDCC849D}
		{F386A170-8D50-4037-8EEC-B7FE2A6AED60} = {BA0CB11E-5A42-494D-A12B-6C31FDCC849D}
		{854C8EFA-99BA-48BA-A038-5AB9426DBA0D} = {2CAE0459-C29B-46AC-B789-F8C94D4DA15D}
		{B6B5999C-3566-47E6-8AB5-F8B31F0E9CBF} = {54129E85-CF27-4CA3-A940-14FB5F245269}
		{EC80F328-FE08-41D3-9182-8765BC359C2A} = {618ABA26-3FFF-4829-8F48-5F2A91FC9496}
		{2506B451-7DB6-48E9-B127-2D068D614237} = {D0770C6B-F9E5-43C2-A364-5B37D2C347E1}
		{F6FC75A5-D757-41C2-BE58-3CD29F84220C} = {E3216631-4397-4661-8ECB-FB97215D1E84}
		{73EF9DE4-8F92-42C7-8AC8-6778A0481854} = {E3216631-4397-4661-8ECB-FB97215D1E84}
		{44EF6B42-06C2-42E2-9B64-CB333B2CA103} = {D0770C6B-F9E5-43C2-A364-5B37D2C347E1}
		{B94FE4A4-36AA-406A-B706-6F378809ACF7} = {2C73E9E1-993A-46AF-948E-8E7CD12641E6}
		{6DA0818B-E1C8-4AB8-BCEE-698D20D4514A} = {BF4819C9-5AFF-44D9-ADCC-CF6D21838A47}
		{CBD8CADD-ED3C-4A4D-812B-37F30A1B123E} = {D0770C6B-F9E5-43C2-A364-5B37D2C347E1}
		{BF4819C9-5AFF-44D9-ADCC-CF6D21838A47} = {D0770C6B-F9E5-43C2-A364-5B37D2C347E1}
		{3292DCFB-CC86-4FC7-880D-C1FD1790A16C} = {D0770C6B-F9E5-43C2-A364-5B37D2C347E1}
		{A1E24606-1530-408D-A8EC-C601B53ED42B} = {2C73E9E1-993A-46AF-948E-8E7CD12641E6}
		{6D3216E8-56F8-459C-B03A-1E470BBE41BC} = {2C73E9E1-993A-46AF-948E-8E7CD12641E6}
		{8CB9E738-3E8D-43EF-827C-A1763D99E6AE} = {2C73E9E1-993A-46AF-948E-8E7CD12641E6}
		{618ABA26-3FFF-4829-8F48-5F2A91FC9496} = {D0770C6B-F9E5-43C2-A364-5B37D2C347E1}
		{4439FCF0-236D-48B3-B65E-4740D9A8C69C} = {D0770C6B-F9E5-43C2-A364-5B37D2C347E1}
		{F22C34F4-7821-43B6-A78B-2C1FDE4D5E18} = {D0770C6B-F9E5-43C2-A364-5B37D2C347E1}
		{DA23A373-4ED5-4285-8489-4A8066F60487} = {E283D0D0-14C0-4DEF-9874-37F72D6F914E}
		{E283D0D0-14C0-4DEF-9874-37F72D6F914E} = {2C73E9E1-993A-46AF-948E-8E7CD12641E6}
	EndGlobalSection
EndGlobal
